
Microsoft Visual Studio Solution File, Format Version 12.00
# Visual Studio Version 16
VisualStudioVersion = 16.0.28803.202
MinimumVisualStudioVersion = 10.0.40219.1
Project("{FAE04EC0-301F-11D3-BF4B-00C04F79EFBC}") = "TeamPowered", "TeamPowered\TeamPowered.csproj", "{8814B668-AA3F-4C43-AA62-2A7E525C9B33}"
EndProject
Global
	GlobalSection(SolutionConfigurationPlatforms) = preSolution
		Debug|Any CPU = Debug|Any CPU
		Release|Any CPU = Release|Any CPU
	EndGlobalSection
	GlobalSection(ProjectConfigurationPlatforms) = postSolution
		{8814B668-AA3F-4C43-AA62-2A7E525C9B33}.Debug|Any CPU.ActiveCfg = Debug|Any CPU
		{8814B668-AA3F-4C43-AA62-2A7E525C9B33}.Debug|Any CPU.Build.0 = Debug|Any CPU
		{8814B668-AA3F-4C43-AA62-2A7E525C9B33}.Release|Any CPU.ActiveCfg = Release|Any CPU
		{8814B668-AA3F-4C43-AA62-2A7E525C9B33}.Release|Any CPU.Build.0 = Release|Any CPU
	EndGlobalSection
	GlobalSection(SolutionProperties) = preSolution
		HideSolutionNode = FALSE
	EndGlobalSection
	GlobalSection(ExtensibilityGlobals) = postSolution
		SolutionGuid = {3E53A7C1-7B33-4AB7-8991-E68BD1A789B0}
	EndGlobalSection
EndGlobal
